
Microsoft Visual Studio Solution File, Format Version 12.00
# Visual Studio Version 16
VisualStudioVersion = 16.0.30204.135
MinimumVisualStudioVersion = 10.0.40219.1
Project("{FAE04EC0-301F-11D3-BF4B-00C04F79EFBC}") = "01_KomodoCafe", "01_CafeContent\01_KomodoCafe.csproj", "{CB67B7B0-2EAB-4BF0-92CB-2F3798596FC7}"
EndProject
Project("{9A19103F-16F7-4668-BE54-9A1E7A4F7556}") = "01_KomodoCafe_Console", "01_KomodoCafe_Console\01_KomodoCafe_Console.csproj", "{1D16D150-BD87-4D9B-9EDE-7716F09E29E4}"
EndProject
Project("{FAE04EC0-301F-11D3-BF4B-00C04F79EFBC}") = "01_KomodoTests", "01_KomodoTests\01_KomodoTests.csproj", "{29C0D5A7-B86C-485E-BED2-631094AF28A3}"
EndProject
Project("{FAE04EC0-301F-11D3-BF4B-00C04F79EFBC}") = "02_ClaimsKomodo_Repo", "..\02_ClaimsKomodo_Repo\02_ClaimsKomodo_Repo.csproj", "{E1D62618-4D8C-4E4B-93FB-B6A03CD60E13}"
EndProject
Project("{FAE04EC0-301F-11D3-BF4B-00C04F79EFBC}") = "02_ClaimsKomodo_Console", "..\02_ClaimsKomodo_Repo\02_ClaimsKomodo_Console\02_ClaimsKomodo_Console.csproj", "{F5278CD4-505C-4B7D-867E-EEB1C7C054AA}"
EndProject
Project("{FAE04EC0-301F-11D3-BF4B-00C04F79EFBC}") = "03_Badges_repo", "..\03_Badges_repo\03_Badges_repo.csproj", "{671CD8C8-B364-4401-BD17-72976E489C8D}"
EndProject
Project("{FAE04EC0-301F-11D3-BF4B-00C04F79EFBC}") = "03_Badges_Console", "03_Badges_Console\03_Badges_Console.csproj", "{5B80559C-C630-4B62-912E-693E338F22AC}"
EndProject
Project("{FAE04EC0-301F-11D3-BF4B-00C04F79EFBC}") = "02_ClaimsKomodo_Tests", "02_ClaimsKomodo_Tests\02_ClaimsKomodo_Tests.csproj", "{BB14456C-D31B-4C93-8EB4-B8CB9FF9391B}"
EndProject
Project("{FAE04EC0-301F-11D3-BF4B-00C04F79EFBC}") = "03_Badges_Test", "03_Badges_Test\03_Badges_Test.csproj", "{4E02D83C-D232-497A-AE81-1D3B86C03071}"
EndProject
Project("{FAE04EC0-301F-11D3-BF4B-00C04F79EFBC}") = "02_ClaimsKomodo_", "02_ClaimsKomodo_Repo\02_ClaimsKomodo_.csproj", "{05F50B08-EA8D-4FE2-8B2C-0657079A0759}"
EndProject
Project("{FAE04EC0-301F-11D3-BF4B-00C04F79EFBC}") = "02_ClaimKomodo_Console", "02_ClaimsKomodo_Console\02_ClaimKomodo_Console.csproj", "{FFA6CBEE-C3EE-4E70-B981-B063378F8920}"
EndProject
Project("{FAE04EC0-301F-11D3-BF4B-00C04F79EFBC}") = "03_Badges_repository", "03_Badges_Repository\03_Badges_repository.csproj", "{A8487F6C-9EE4-4125-AFA3-A87D32C520D6}"
EndProject
Global
	GlobalSection(SolutionConfigurationPlatforms) = preSolution
		Debug|Any CPU = Debug|Any CPU
		Release|Any CPU = Release|Any CPU
	EndGlobalSection
	GlobalSection(ProjectConfigurationPlatforms) = postSolution
		{CB67B7B0-2EAB-4BF0-92CB-2F3798596FC7}.Debug|Any CPU.ActiveCfg = Debug|Any CPU
		{CB67B7B0-2EAB-4BF0-92CB-2F3798596FC7}.Debug|Any CPU.Build.0 = Debug|Any CPU
		{CB67B7B0-2EAB-4BF0-92CB-2F3798596FC7}.Release|Any CPU.ActiveCfg = Release|Any CPU
		{CB67B7B0-2EAB-4BF0-92CB-2F3798596FC7}.Release|Any CPU.Build.0 = Release|Any CPU
		{1D16D150-BD87-4D9B-9EDE-7716F09E29E4}.Debug|Any CPU.ActiveCfg = Debug|Any CPU
		{1D16D150-BD87-4D9B-9EDE-7716F09E29E4}.Debug|Any CPU.Build.0 = Debug|Any CPU
		{1D16D150-BD87-4D9B-9EDE-7716F09E29E4}.Release|Any CPU.ActiveCfg = Release|Any CPU
		{1D16D150-BD87-4D9B-9EDE-7716F09E29E4}.Release|Any CPU.Build.0 = Release|Any CPU
		{29C0D5A7-B86C-485E-BED2-631094AF28A3}.Debug|Any CPU.ActiveCfg = Debug|Any CPU
		{29C0D5A7-B86C-485E-BED2-631094AF28A3}.Debug|Any CPU.Build.0 = Debug|Any CPU
		{29C0D5A7-B86C-485E-BED2-631094AF28A3}.Release|Any CPU.ActiveCfg = Release|Any CPU
		{29C0D5A7-B86C-485E-BED2-631094AF28A3}.Release|Any CPU.Build.0 = Release|Any CPU
		{E1D62618-4D8C-4E4B-93FB-B6A03CD60E13}.Debug|Any CPU.ActiveCfg = Debug|Any CPU
		{E1D62618-4D8C-4E4B-93FB-B6A03CD60E13}.Debug|Any CPU.Build.0 = Debug|Any CPU
		{E1D62618-4D8C-4E4B-93FB-B6A03CD60E13}.Release|Any CPU.ActiveCfg = Release|Any CPU
		{E1D62618-4D8C-4E4B-93FB-B6A03CD60E13}.Release|Any CPU.Build.0 = Release|Any CPU
		{F5278CD4-505C-4B7D-867E-EEB1C7C054AA}.Debug|Any CPU.ActiveCfg = Debug|Any CPU
		{F5278CD4-505C-4B7D-867E-EEB1C7C054AA}.Debug|Any CPU.Build.0 = Debug|Any CPU
		{F5278CD4-505C-4B7D-867E-EEB1C7C054AA}.Release|Any CPU.ActiveCfg = Release|Any CPU
		{F5278CD4-505C-4B7D-867E-EEB1C7C054AA}.Release|Any CPU.Build.0 = Release|Any CPU
		{671CD8C8-B364-4401-BD17-72976E489C8D}.Debug|Any CPU.ActiveCfg = Debug|Any CPU
		{671CD8C8-B364-4401-BD17-72976E489C8D}.Debug|Any CPU.Build.0 = Debug|Any CPU
		{671CD8C8-B364-4401-BD17-72976E489C8D}.Release|Any CPU.ActiveCfg = Release|Any CPU
		{671CD8C8-B364-4401-BD17-72976E489C8D}.Release|Any CPU.Build.0 = Release|Any CPU
		{5B80559C-C630-4B62-912E-693E338F22AC}.Debug|Any CPU.ActiveCfg = Debug|Any CPU
		{5B80559C-C630-4B62-912E-693E338F22AC}.Debug|Any CPU.Build.0 = Debug|Any CPU
		{5B80559C-C630-4B62-912E-693E338F22AC}.Release|Any CPU.ActiveCfg = Release|Any CPU
		{5B80559C-C630-4B62-912E-693E338F22AC}.Release|Any CPU.Build.0 = Release|Any CPU
		{BB14456C-D31B-4C93-8EB4-B8CB9FF9391B}.Debug|Any CPU.ActiveCfg = Debug|Any CPU
		{BB14456C-D31B-4C93-8EB4-B8CB9FF9391B}.Debug|Any CPU.Build.0 = Debug|Any CPU
		{BB14456C-D31B-4C93-8EB4-B8CB9FF9391B}.Release|Any CPU.ActiveCfg = Release|Any CPU
		{BB14456C-D31B-4C93-8EB4-B8CB9FF9391B}.Release|Any CPU.Build.0 = Release|Any CPU
		{4E02D83C-D232-497A-AE81-1D3B86C03071}.Debug|Any CPU.ActiveCfg = Debug|Any CPU
		{4E02D83C-D232-497A-AE81-1D3B86C03071}.Debug|Any CPU.Build.0 = Debug|Any CPU
		{4E02D83C-D232-497A-AE81-1D3B86C03071}.Release|Any CPU.ActiveCfg = Release|Any CPU
		{4E02D83C-D232-497A-AE81-1D3B86C03071}.Release|Any CPU.Build.0 = Release|Any CPU
		{05F50B08-EA8D-4FE2-8B2C-0657079A0759}.Debug|Any CPU.ActiveCfg = Debug|Any CPU
		{05F50B08-EA8D-4FE2-8B2C-0657079A0759}.Debug|Any CPU.Build.0 = Debug|Any CPU
		{05F50B08-EA8D-4FE2-8B2C-0657079A0759}.Release|Any CPU.ActiveCfg = Release|Any CPU
		{05F50B08-EA8D-4FE2-8B2C-0657079A0759}.Release|Any CPU.Build.0 = Release|Any CPU
		{FFA6CBEE-C3EE-4E70-B981-B063378F8920}.Debug|Any CPU.ActiveCfg = Debug|Any CPU
		{FFA6CBEE-C3EE-4E70-B981-B063378F8920}.Debug|Any CPU.Build.0 = Debug|Any CPU
		{FFA6CBEE-C3EE-4E70-B981-B063378F8920}.Release|Any CPU.ActiveCfg = Release|Any CPU
		{FFA6CBEE-C3EE-4E70-B981-B063378F8920}.Release|Any CPU.Build.0 = Release|Any CPU
		{A8487F6C-9EE4-4125-AFA3-A87D32C520D6}.Debug|Any CPU.ActiveCfg = Debug|Any CPU
		{A8487F6C-9EE4-4125-AFA3-A87D32C520D6}.Debug|Any CPU.Build.0 = Debug|Any CPU
		{A8487F6C-9EE4-4125-AFA3-A87D32C520D6}.Release|Any CPU.ActiveCfg = Release|Any CPU
		{A8487F6C-9EE4-4125-AFA3-A87D32C520D6}.Release|Any CPU.Build.0 = Release|Any CPU
	EndGlobalSection
	GlobalSection(SolutionProperties) = preSolution
		HideSolutionNode = FALSE
	EndGlobalSection
	GlobalSection(ExtensibilityGlobals) = postSolution
		SolutionGuid = {E3077AF8-8EAC-4F5A-B598-78313F49AE05}
	EndGlobalSection
EndGlobal
